<Solution>
  <Folder Name="/Solution Items/">
    <File Path="License" />
  </Folder>
  <Folder Name="/Core/">
    <Project Path="Core/FurkanTural_Domain/FurkanTural_Domain.csproj" />
  </Folder>
  <Folder Name="/Signature/">
    <Project Path="Signature/FurkanTural_Application/FurkanTural_Application.csproj" />
  </Folder>
  <Folder Name="/Business/">
    <Project Path="Business/FurkanTural_Business/FurkanTural_Business.csproj" />
  </Folder>
  <Folder Name="/Infrastructure/">
    <Project Path="Infrastructure/FurkanTural_Persistence/FurkanTural_Persistence.csproj" />
  </Folder>
  <Folder Name="/Presentation/" />
  <Folder Name="/Web/" />
</Solution>
